
Microsoft Visual Studio Solution File, Format Version 12.00
# Visual Studio Version 16
VisualStudioVersion = 16.0.31313.79
MinimumVisualStudioVersion = 10.0.40219.1
Project("{FAE04EC0-301F-11D3-BF4B-00C04F79EFBC}") = "appGraficasOxyPlot", "appGraficasOxyPlot.csproj", "{71D41F71-8E91-4D43-B03F-86D6FC159B98}"
EndProject
Global
	GlobalSection(SolutionConfigurationPlatforms) = preSolution
		Debug|Any CPU = Debug|Any CPU
		Release|Any CPU = Release|Any CPU
	EndGlobalSection
	GlobalSection(ProjectConfigurationPlatforms) = postSolution
		{71D41F71-8E91-4D43-B03F-86D6FC159B98}.Debug|Any CPU.ActiveCfg = Debug|Any CPU
		{71D41F71-8E91-4D43-B03F-86D6FC159B98}.Debug|Any CPU.Build.0 = Debug|Any CPU
		{71D41F71-8E91-4D43-B03F-86D6FC159B98}.Debug|Any CPU.Deploy.0 = Debug|Any CPU
		{71D41F71-8E91-4D43-B03F-86D6FC159B98}.Release|Any CPU.ActiveCfg = Release|Any CPU
		{71D41F71-8E91-4D43-B03F-86D6FC159B98}.Release|Any CPU.Build.0 = Release|Any CPU
		{71D41F71-8E91-4D43-B03F-86D6FC159B98}.Release|Any CPU.Deploy.0 = Release|Any CPU
	EndGlobalSection
	GlobalSection(SolutionProperties) = preSolution
		HideSolutionNode = FALSE
	EndGlobalSection
	GlobalSection(ExtensibilityGlobals) = postSolution
		SolutionGuid = {27D51A4F-10CB-4499-9189-F3ACF3E96B80}
	EndGlobalSection
EndGlobal
